
Microsoft Visual Studio Solution File, Format Version 12.00
# Visual Studio Version 16
VisualStudioVersion = 16.0.33214.272
MinimumVisualStudioVersion = 10.0.40219.1
Project("{FAE04EC0-301F-11D3-BF4B-00C04F79EFBC}") = "EF", "EF\EF.csproj", "{A25E3DB8-8D72-4761-AF22-7B238648C3C9}"
EndProject
Project("{FAE04EC0-301F-11D3-BF4B-00C04F79EFBC}") = "iNervCore", "..\..\iNervCore\iNervCore.csproj", "{C01E867B-75A6-42DC-95C3-EEDD284B8643}"
EndProject
Global
	GlobalSection(SolutionConfigurationPlatforms) = preSolution
		Debug|Any CPU = Debug|Any CPU
		Release|Any CPU = Release|Any CPU
	EndGlobalSection
	GlobalSection(ProjectConfigurationPlatforms) = postSolution
		{A25E3DB8-8D72-4761-AF22-7B238648C3C9}.Debug|Any CPU.ActiveCfg = Debug|Any CPU
		{A25E3DB8-8D72-4761-AF22-7B238648C3C9}.Debug|Any CPU.Build.0 = Debug|Any CPU
		{A25E3DB8-8D72-4761-AF22-7B238648C3C9}.Release|Any CPU.ActiveCfg = Release|Any CPU
		{A25E3DB8-8D72-4761-AF22-7B238648C3C9}.Release|Any CPU.Build.0 = Release|Any CPU
		{C01E867B-75A6-42DC-95C3-EEDD284B8643}.Debug|Any CPU.ActiveCfg = Debug|Any CPU
		{C01E867B-75A6-42DC-95C3-EEDD284B8643}.Debug|Any CPU.Build.0 = Debug|Any CPU
		{C01E867B-75A6-42DC-95C3-EEDD284B8643}.Release|Any CPU.ActiveCfg = Release|Any CPU
		{C01E867B-75A6-42DC-95C3-EEDD284B8643}.Release|Any CPU.Build.0 = Release|Any CPU
	EndGlobalSection
	GlobalSection(SolutionProperties) = preSolution
		HideSolutionNode = FALSE
	EndGlobalSection
	GlobalSection(ExtensibilityGlobals) = postSolution
		SolutionGuid = {42A5C041-2469-48AE-9BD3-2C15778A64B3}
	EndGlobalSection
EndGlobal
